// !$*UTF8*$!
{
	archiveVersion = 1;
	classes = {
	};
	objectVersion = 50;
	objects = {

/* Begin PBXBuildFile section */
		7A1C7DA32502B03D001EA00B /* AppDelegate.swift in Sources */ = {isa = PBXBuildFile; fileRef = 7A1C7DA22502B03D001EA00B /* AppDelegate.swift */; };
		7A1C7DA52502B03D001EA00B /* SceneDelegate.swift in Sources */ = {isa = PBXBuildFile; fileRef = 7A1C7DA42502B03D001EA00B /* SceneDelegate.swift */; };
		7A1C7DA72502B03D001EA00B /* ViewController.swift in Sources */ = {isa = PBXBuildFile; fileRef = 7A1C7DA62502B03D001EA00B /* ViewController.swift */; };
		7A1C7DAA2502B03D001EA00B /* Main.storyboard in Resources */ = {isa = PBXBuildFile; fileRef = 7A1C7DA82502B03D001EA00B /* Main.storyboard */; };
		7A1C7DAC2502B03F001EA00B /* Assets.xcassets in Resources */ = {isa = PBXBuildFile; fileRef = 7A1C7DAB2502B03F001EA00B /* Assets.xcassets */; };
		7A1C7DAF2502B03F001EA00B /* LaunchScreen.storyboard in Resources */ = {isa = PBXBuildFile; fileRef = 7A1C7DAD2502B03F001EA00B /* LaunchScreen.storyboard */; };
		7A325BF72502DAD00073E757 /* Constants.swift in Sources */ = {isa = PBXBuildFile; fileRef = 7A325BF62502DAD00073E757 /* Constants.swift */; };
		7A325BF92502DF5E0073E757 /* Video.swift in Sources */ = {isa = PBXBuildFile; fileRef = 7A325BF82502DF5E0073E757 /* Video.swift */; };
		7A325BFB2502DFA30073E757 /* Model.swift in Sources */ = {isa = PBXBuildFile; fileRef = 7A325BFA2502DFA30073E757 /* Model.swift */; };
		7A325BFD2502EFF70073E757 /* Response.swift in Sources */ = {isa = PBXBuildFile; fileRef = 7A325BFC2502EFF70073E757 /* Response.swift */; };
		7A61FF4B2504168000DB0B3C /* VideoTableViewCell.swift in Sources */ = {isa = PBXBuildFile; fileRef = 7A61FF4A2504168000DB0B3C /* VideoTableViewCell.swift */; };
		7A61FF522504258900DB0B3C /* Cache Manager.swift in Sources */ = {isa = PBXBuildFile; fileRef = 7A61FF512504258900DB0B3C /* Cache Manager.swift */; };
/* End PBXBuildFile section */

/* Begin PBXFileReference section */
		7A1C7D9F2502B03D001EA00B /* youtube-onedaybuild.app */ = {isa = PBXFileReference; explicitFileType = wrapper.application; includeInIndex = 0; path = "youtube-onedaybuild.app"; sourceTree = BUILT_PRODUCTS_DIR; };
		7A1C7DA22502B03D001EA00B /* AppDelegate.swift */ = {isa = PBXFileReference; lastKnownFileType = sourcecode.swift; path = AppDelegate.swift; sourceTree = "<group>"; };
		7A1C7DA42502B03D001EA00B /* SceneDelegate.swift */ = {isa = PBXFileReference; lastKnownFileType = sourcecode.swift; path = SceneDelegate.swift; sourceTree = "<group>"; };
		7A1C7DA62502B03D001EA00B /* ViewController.swift */ = {isa = PBXFileReference; lastKnownFileType = sourcecode.swift; path = ViewController.swift; sourceTree = "<group>"; };
		7A1C7DA92502B03D001EA00B /* Base */ = {isa = PBXFileReference; lastKnownFileType = file.storyboard; name = Base; path = Base.lproj/Main.storyboard; sourceTree = "<group>"; };
		7A1C7DAB2502B03F001EA00B /* Assets.xcassets */ = {isa = PBXFileReference; lastKnownFileType = folder.assetcatalog; path = Assets.xcassets; sourceTree = "<group>"; };
		7A1C7DAE2502B03F001EA00B /* Base */ = {isa = PBXFileReference; lastKnownFileType = file.storyboard; name = Base; path = Base.lproj/LaunchScreen.storyboard; sourceTree = "<group>"; };
		7A1C7DB02502B03F001EA00B /* Info.plist */ = {isa = PBXFileReference; lastKnownFileType = text.plist.xml; path = Info.plist; sourceTree = "<group>"; };
		7A325BF62502DAD00073E757 /* Constants.swift */ = {isa = PBXFileReference; lastKnownFileType = sourcecode.swift; path = Constants.swift; sourceTree = "<group>"; };
		7A325BF82502DF5E0073E757 /* Video.swift */ = {isa = PBXFileReference; lastKnownFileType = sourcecode.swift; path = Video.swift; sourceTree = "<group>"; };
		7A325BFA2502DFA30073E757 /* Model.swift */ = {isa = PBXFileReference; lastKnownFileType = sourcecode.swift; path = Model.swift; sourceTree = "<group>"; };
		7A325BFC2502EFF70073E757 /* Response.swift */ = {isa = PBXFileReference; lastKnownFileType = sourcecode.swift; path = Response.swift; sourceTree = "<group>"; };
		7A61FF4A2504168000DB0B3C /* VideoTableViewCell.swift */ = {isa = PBXFileReference; lastKnownFileType = sourcecode.swift; path = VideoTableViewCell.swift; sourceTree = "<group>"; };
		7A61FF512504258900DB0B3C /* Cache Manager.swift */ = {isa = PBXFileReference; lastKnownFileType = sourcecode.swift; path = "Cache Manager.swift"; sourceTree = "<group>"; };
/* End PBXFileReference section */

/* Begin PBXFrameworksBuildPhase section */
		7A1C7D9C2502B03D001EA00B /* Frameworks */ = {
			isa = PBXFrameworksBuildPhase;
			buildActionMask = 2147483647;
			files = (
			);
			runOnlyForDeploymentPostprocessing = 0;
		};
/* End PBXFrameworksBuildPhase section */

/* Begin PBXGroup section */
		7A1C7D962502B03D001EA00B = {
			isa = PBXGroup;
			children = (
				7A1C7DA12502B03D001EA00B /* youtube-onedaybuild */,
				7A1C7DA02502B03D001EA00B /* Products */,
			);
			sourceTree = "<group>";
		};
		7A1C7DA02502B03D001EA00B /* Products */ = {
			isa = PBXGroup;
			children = (
				7A1C7D9F2502B03D001EA00B /* youtube-onedaybuild.app */,
			);
			name = Products;
			sourceTree = "<group>";
		};
		7A1C7DA12502B03D001EA00B /* youtube-onedaybuild */ = {
			isa = PBXGroup;
			children = (
				7A1C7DA22502B03D001EA00B /* AppDelegate.swift */,
				7A1C7DA42502B03D001EA00B /* SceneDelegate.swift */,
				7A61FF50250416C400DB0B3C /* Helper */,
				7A61FF4F250416BC00DB0B3C /* Storyboards */,
				7A61FF4E250416B700DB0B3C /* Models */,
				7A61FF4D250416B000DB0B3C /* Views */,
				7A61FF4C2504169800DB0B3C /* View Controllers */,
				7A1C7DAB2502B03F001EA00B /* Assets.xcassets */,
				7A1C7DB02502B03F001EA00B /* Info.plist */,
			);
			path = "youtube-onedaybuild";
			sourceTree = "<group>";
		};
		7A61FF4C2504169800DB0B3C /* View Controllers */ = {
			isa = PBXGroup;
			children = (
				7A1C7DA62502B03D001EA00B /* ViewController.swift */,
			);
			path = "View Controllers";
			sourceTree = "<group>";
		};
		7A61FF4D250416B000DB0B3C /* Views */ = {
			isa = PBXGroup;
			children = (
				7A61FF4A2504168000DB0B3C /* VideoTableViewCell.swift */,
			);
			path = Views;
			sourceTree = "<group>";
		};
		7A61FF4E250416B700DB0B3C /* Models */ = {
			isa = PBXGroup;
			children = (
				7A325BF82502DF5E0073E757 /* Video.swift */,
				7A325BFA2502DFA30073E757 /* Model.swift */,
				7A325BFC2502EFF70073E757 /* Response.swift */,
			);
			path = Models;
			sourceTree = "<group>";
		};
		7A61FF4F250416BC00DB0B3C /* Storyboards */ = {
			isa = PBXGroup;
			children = (
				7A1C7DAD2502B03F001EA00B /* LaunchScreen.storyboard */,
				7A1C7DA82502B03D001EA00B /* Main.storyboard */,
			);
			path = Storyboards;
			sourceTree = "<group>";
		};
		7A61FF50250416C400DB0B3C /* Helper */ = {
			isa = PBXGroup;
			children = (
				7A325BF62502DAD00073E757 /* Constants.swift */,
				7A61FF512504258900DB0B3C /* Cache Manager.swift */,
			);
			path = Helper;
			sourceTree = "<group>";
		};
/* End PBXGroup section */

/* Begin PBXNativeTarget section */
		7A1C7D9E2502B03D001EA00B /* youtube-onedaybuild */ = {
			isa = PBXNativeTarget;
			buildConfigurationList = 7A1C7DB32502B03F001EA00B /* Build configuration list for PBXNativeTarget "youtube-onedaybuild" */;
			buildPhases = (
				7A1C7D9B2502B03D001EA00B /* Sources */,
				7A1C7D9C2502B03D001EA00B /* Frameworks */,
				7A1C7D9D2502B03D001EA00B /* Resources */,
			);
			buildRules = (
			);
			dependencies = (
			);
			name = "youtube-onedaybuild";
			productName = "youtube-onedaybuild";
			productReference = 7A1C7D9F2502B03D001EA00B /* youtube-onedaybuild.app */;
			productType = "com.apple.product-type.application";
		};
/* End PBXNativeTarget section */

/* Begin PBXProject section */
		7A1C7D972502B03D001EA00B /* Project object */ = {
			isa = PBXProject;
			attributes = {
				LastSwiftUpdateCheck = 1160;
				LastUpgradeCheck = 1160;
				ORGANIZATIONNAME = "Nicki J";
				TargetAttributes = {
					7A1C7D9E2502B03D001EA00B = {
						CreatedOnToolsVersion = 11.6;
					};
				};
			};
			buildConfigurationList = 7A1C7D9A2502B03D001EA00B /* Build configuration list for PBXProject "youtube-onedaybuild" */;
			compatibilityVersion = "Xcode 9.3";
			developmentRegion = en;
			hasScannedForEncodings = 0;
			knownRegions = (
				en,
				Base,
			);
			mainGroup = 7A1C7D962502B03D001EA00B;
			productRefGroup = 7A1C7DA02502B03D001EA00B /* Products */;
			projectDirPath = "";
			projectRoot = "";
			targets = (
				7A1C7D9E2502B03D001EA00B /* youtube-onedaybuild */,
			);
		};
/* End PBXProject section */

/* Begin PBXResourcesBuildPhase section */
		7A1C7D9D2502B03D001EA00B /* Resources */ = {
			isa = PBXResourcesBuildPhase;
			buildActionMask = 2147483647;
			files = (
				7A1C7DAF2502B03F001EA00B /* LaunchScreen.storyboard in Resources */,
				7A1C7DAC2502B03F001EA00B /* Assets.xcassets in Resources */,
				7A1C7DAA2502B03D001EA00B /* Main.storyboard in Resources */,
			);
			runOnlyForDeploymentPostprocessing = 0;
		};
/* End PBXResourcesBuildPhase section */

/* Begin PBXSourcesBuildPhase section */
		7A1C7D9B2502B03D001EA00B /* Sources */ = {
			isa = PBXSourcesBuildPhase;
			buildActionMask = 2147483647;
			files = (
				7A61FF522504258900DB0B3C /* Cache Manager.swift in Sources */,
				7A1C7DA72502B03D001EA00B /* ViewController.swift in Sources */,
				7A1C7DA32502B03D001EA00B /* AppDelegate.swift in Sources */,
				7A1C7DA52502B03D001EA00B /* SceneDelegate.swift in Sources */,
				7A325BFB2502DFA30073E757 /* Model.swift in Sources */,
				7A325BF72502DAD00073E757 /* Constants.swift in Sources */,
				7A61FF4B2504168000DB0B3C /* VideoTableViewCell.swift in Sources */,
				7A325BF92502DF5E0073E757 /* Video.swift in Sources */,
				7A325BFD2502EFF70073E757 /* Response.swift in Sources */,
			);
			runOnlyForDeploymentPostprocessing = 0;
		};
/* End PBXSourcesBuildPhase section */

/* Begin PBXVariantGroup section */
		7A1C7DA82502B03D001EA00B /* Main.storyboard */ = {
			isa = PBXVariantGroup;
			children = (
				7A1C7DA92502B03D001EA00B /* Base */,
			);
			name = Main.storyboard;
			sourceTree = "<group>";
		};
		7A1C7DAD2502B03F001EA00B /* LaunchScreen.storyboard */ = {
			isa = PBXVariantGroup;
			children = (
				7A1C7DAE2502B03F001EA00B /* Base */,
			);
			name = LaunchScreen.storyboard;
			sourceTree = "<group>";
		};
/* End PBXVariantGroup section */

/* Begin XCBuildConfiguration section */
		7A1C7DB12502B03F001EA00B /* Debug */ = {
			isa = XCBuildConfiguration;
			buildSettings = {
				ALWAYS_SEARCH_USER_PATHS = NO;
				CLANG_ANALYZER_NONNULL = YES;
				CLANG_ANALYZER_NUMBER_OBJECT_CONVERSION = YES_AGGRESSIVE;
				CLANG_CXX_LANGUAGE_STANDARD = "gnu++14";
				CLANG_CXX_LIBRARY = "libc++";
				CLANG_ENABLE_MODULES = YES;
				CLANG_ENABLE_OBJC_ARC = YES;
				CLANG_ENABLE_OBJC_WEAK = YES;
				CLANG_WARN_BLOCK_CAPTURE_AUTORELEASING = YES;
				CLANG_WARN_BOOL_CONVERSION = YES;
				CLANG_WARN_COMMA = YES;
				CLANG_WARN_CONSTANT_CONVERSION = YES;
				CLANG_WARN_DEPRECATED_OBJC_IMPLEMENTATIONS = YES;
				CLANG_WARN_DIRECT_OBJC_ISA_USAGE = YES_ERROR;
				CLANG_WARN_DOCUMENTATION_COMMENTS = YES;
				CLANG_WARN_EMPTY_BODY = YES;
				CLANG_WARN_ENUM_CONVERSION = YES;
				CLANG_WARN_INFINITE_RECURSION = YES;
				CLANG_WARN_INT_CONVERSION = YES;
				CLANG_WARN_NON_LITERAL_NULL_CONVERSION = YES;
				CLANG_WARN_OBJC_IMPLICIT_RETAIN_SELF = YES;
				CLANG_WARN_OBJC_LITERAL_CONVERSION = YES;
				CLANG_WARN_OBJC_ROOT_CLASS = YES_ERROR;
				CLANG_WARN_RANGE_LOOP_ANALYSIS = YES;
				CLANG_WARN_STRICT_PROTOTYPES = YES;
				CLANG_WARN_SUSPICIOUS_MOVE = YES;
				CLANG_WARN_UNGUARDED_AVAILABILITY = YES_AGGRESSIVE;
				CLANG_WARN_UNREACHABLE_CODE = YES;
				CLANG_WARN__DUPLICATE_METHOD_MATCH = YES;
				COPY_PHASE_STRIP = NO;
				DEBUG_INFORMATION_FORMAT = dwarf;
				ENABLE_STRICT_OBJC_MSGSEND = YES;
				ENABLE_TESTABILITY = YES;
				GCC_C_LANGUAGE_STANDARD = gnu11;
				GCC_DYNAMIC_NO_PIC = NO;
				GCC_NO_COMMON_BLOCKS = YES;
				GCC_OPTIMIZATION_LEVEL = 0;
				GCC_PREPROCESSOR_DEFINITIONS = (
					"DEBUG=1",
					"$(inherited)",
				);
				GCC_WARN_64_TO_32_BIT_CONVERSION = YES;
				GCC_WARN_ABOUT_RETURN_TYPE = YES_ERROR;
				GCC_WARN_UNDECLARED_SELECTOR = YES;
				GCC_WARN_UNINITIALIZED_AUTOS = YES_AGGRESSIVE;
				GCC_WARN_UNUSED_FUNCTION = YES;
				GCC_WARN_UNUSED_VARIABLE = YES;
				IPHONEOS_DEPLOYMENT_TARGET = 13.6;
				MTL_ENABLE_DEBUG_INFO = INCLUDE_SOURCE;
				MTL_FAST_MATH = YES;
				ONLY_ACTIVE_ARCH = YES;
				SDKROOT = iphoneos;
				SWIFT_ACTIVE_COMPILATION_CONDITIONS = DEBUG;
				SWIFT_OPTIMIZATION_LEVEL = "-Onone";
			};
			name = Debug;
		};
		7A1C7DB22502B03F001EA00B /* Release */ = {
			isa = XCBuildConfiguration;
			buildSettings = {
				ALWAYS_SEARCH_USER_PATHS = NO;
				CLANG_ANALYZER_NONNULL = YES;
				CLANG_ANALYZER_NUMBER_OBJECT_CONVERSION = YES_AGGRESSIVE;
				CLANG_CXX_LANGUAGE_STANDARD = "gnu++14";
				CLANG_CXX_LIBRARY = "libc++";
				CLANG_ENABLE_MODULES = YES;
				CLANG_ENABLE_OBJC_ARC = YES;
				CLANG_ENABLE_OBJC_WEAK = YES;
				CLANG_WARN_BLOCK_CAPTURE_AUTORELEASING = YES;
				CLANG_WARN_BOOL_CONVERSION = YES;
				CLANG_WARN_COMMA = YES;
				CLANG_WARN_CONSTANT_CONVERSION = YES;
				CLANG_WARN_DEPRECATED_OBJC_IMPLEMENTATIONS = YES;
				CLANG_WARN_DIRECT_OBJC_ISA_USAGE = YES_ERROR;
				CLANG_WARN_DOCUMENTATION_COMMENTS = YES;
				CLANG_WARN_EMPTY_BODY = YES;
				CLANG_WARN_ENUM_CONVERSION = YES;
				CLANG_WARN_INFINITE_RECURSION = YES;
				CLANG_WARN_INT_CONVERSION = YES;
				CLANG_WARN_NON_LITERAL_NULL_CONVERSION = YES;
				CLANG_WARN_OBJC_IMPLICIT_RETAIN_SELF = YES;
				CLANG_WARN_OBJC_LITERAL_CONVERSION = YES;
				CLANG_WARN_OBJC_ROOT_CLASS = YES_ERROR;
				CLANG_WARN_RANGE_LOOP_ANALYSIS = YES;
				CLANG_WARN_STRICT_PROTOTYPES = YES;
				CLANG_WARN_SUSPICIOUS_MOVE = YES;
				CLANG_WARN_UNGUARDED_AVAILABILITY = YES_AGGRESSIVE;
				CLANG_WARN_UNREACHABLE_CODE = YES;
				CLANG_WARN__DUPLICATE_METHOD_MATCH = YES;
				COPY_PHASE_STRIP = NO;
				DEBUG_INFORMATION_FORMAT = "dwarf-with-dsym";
				ENABLE_NS_ASSERTIONS = NO;
				ENABLE_STRICT_OBJC_MSGSEND = YES;
				GCC_C_LANGUAGE_STANDARD = gnu11;
				GCC_NO_COMMON_BLOCKS = YES;
				GCC_WARN_64_TO_32_BIT_CONVERSION = YES;
				GCC_WARN_ABOUT_RETURN_TYPE = YES_ERROR;
				GCC_WARN_UNDECLARED_SELECTOR = YES;
				GCC_WARN_UNINITIALIZED_AUTOS = YES_AGGRESSIVE;
				GCC_WARN_UNUSED_FUNCTION = YES;
				GCC_WARN_UNUSED_VARIABLE = YES;
				IPHONEOS_DEPLOYMENT_TARGET = 13.6;
				MTL_ENABLE_DEBUG_INFO = NO;
				MTL_FAST_MATH = YES;
				SDKROOT = iphoneos;
				SWIFT_COMPILATION_MODE = wholemodule;
				SWIFT_OPTIMIZATION_LEVEL = "-O";
				VALIDATE_PRODUCT = YES;
			};
			name = Release;
		};
		7A1C7DB42502B03F001EA00B /* Debug */ = {
			isa = XCBuildConfiguration;
			buildSettings = {
				ASSETCATALOG_COMPILER_APPICON_NAME = AppIcon;
				CODE_SIGN_STYLE = Automatic;
				DEVELOPMENT_TEAM = LY399H29KS;
				INFOPLIST_FILE = "youtube-onedaybuild/Info.plist";
				LD_RUNPATH_SEARCH_PATHS = (
					"$(inherited)",
					"@executable_path/Frameworks",
				);
				PRODUCT_BUNDLE_IDENTIFIER = "com.nicolejohnson.youtube-onedaybuild";
				PRODUCT_NAME = "$(TARGET_NAME)";
				SWIFT_VERSION = 5.0;
				TARGETED_DEVICE_FAMILY = "1,2";
			};
			name = Debug;
		};
		7A1C7DB52502B03F001EA00B /* Release */ = {
			isa = XCBuildConfiguration;
			buildSettings = {
				ASSETCATALOG_COMPILER_APPICON_NAME = AppIcon;
				CODE_SIGN_STYLE = Automatic;
				DEVELOPMENT_TEAM = LY399H29KS;
				INFOPLIST_FILE = "youtube-onedaybuild/Info.plist";
				LD_RUNPATH_SEARCH_PATHS = (
					"$(inherited)",
					"@executable_path/Frameworks",
				);
				PRODUCT_BUNDLE_IDENTIFIER = "com.nicolejohnson.youtube-onedaybuild";
				PRODUCT_NAME = "$(TARGET_NAME)";
				SWIFT_VERSION = 5.0;
				TARGETED_DEVICE_FAMILY = "1,2";
			};
			name = Release;
		};
/* End XCBuildConfiguration section */

/* Begin XCConfigurationList section */
		7A1C7D9A2502B03D001EA00B /* Build configuration list for PBXProject "youtube-onedaybuild" */ = {
			isa = XCConfigurationList;
			buildConfigurations = (
				7A1C7DB12502B03F001EA00B /* Debug */,
				7A1C7DB22502B03F001EA00B /* Release */,
			);
			defaultConfigurationIsVisible = 0;
			defaultConfigurationName = Release;
		};
		7A1C7DB32502B03F001EA00B /* Build configuration list for PBXNativeTarget "youtube-onedaybuild" */ = {
			isa = XCConfigurationList;
			buildConfigurations = (
				7A1C7DB42502B03F001EA00B /* Debug */,
				7A1C7DB52502B03F001EA00B /* Release */,
			);
			defaultConfigurationIsVisible = 0;
			defaultConfigurationName = Release;
		};
/* End XCConfigurationList section */
	};
	rootObject = 7A1C7D972502B03D001EA00B /* Project object */;
}
